
Microsoft Visual Studio Solution File, Format Version 12.00
# Visual Studio 15
VisualStudioVersion = 15.0.27004.2009
MinimumVisualStudioVersion = 10.0.40219.1
Project("{FAE04EC0-301F-11D3-BF4B-00C04F79EFBC}") = "Console", "Console\Console.csproj", "{93A452E3-40D4-4F13-B91A-B4E416AF689C}"
EndProject
Project("{FAE04EC0-301F-11D3-BF4B-00C04F79EFBC}") = "DAL", "DAL\DAL.csproj", "{18C8F665-374E-4B43-AE7B-836DD1B1C9CB}"
EndProject
Project("{FAE04EC0-301F-11D3-BF4B-00C04F79EFBC}") = "Core", "Common\Core.csproj", "{B5A304F1-D584-4D4B-83AF-789C8E88366E}"
EndProject
Project("{FAE04EC0-301F-11D3-BF4B-00C04F79EFBC}") = "BLL", "BLL\BLL.csproj", "{C01D28E9-B989-4106-ABBF-D310999EFD09}"
EndProject
Project("{FAE04EC0-301F-11D3-BF4B-00C04F79EFBC}") = "WEB", "WEB\WEB.csproj", "{5654B453-48FB-42B1-917B-29F824BD3190}"
EndProject
Project("{FAE04EC0-301F-11D3-BF4B-00C04F79EFBC}") = "Test", "Test\Test.csproj", "{074276E8-F259-424F-97C1-FB13648B84C4}"
EndProject
Global
	GlobalSection(SolutionConfigurationPlatforms) = preSolution
		Debug|Any CPU = Debug|Any CPU
		Release|Any CPU = Release|Any CPU
	EndGlobalSection
	GlobalSection(ProjectConfigurationPlatforms) = postSolution
		{93A452E3-40D4-4F13-B91A-B4E416AF689C}.Debug|Any CPU.ActiveCfg = Debug|Any CPU
		{93A452E3-40D4-4F13-B91A-B4E416AF689C}.Debug|Any CPU.Build.0 = Debug|Any CPU
		{93A452E3-40D4-4F13-B91A-B4E416AF689C}.Release|Any CPU.ActiveCfg = Release|Any CPU
		{93A452E3-40D4-4F13-B91A-B4E416AF689C}.Release|Any CPU.Build.0 = Release|Any CPU
		{18C8F665-374E-4B43-AE7B-836DD1B1C9CB}.Debug|Any CPU.ActiveCfg = Debug|Any CPU
		{18C8F665-374E-4B43-AE7B-836DD1B1C9CB}.Debug|Any CPU.Build.0 = Debug|Any CPU
		{18C8F665-374E-4B43-AE7B-836DD1B1C9CB}.Release|Any CPU.ActiveCfg = Release|Any CPU
		{18C8F665-374E-4B43-AE7B-836DD1B1C9CB}.Release|Any CPU.Build.0 = Release|Any CPU
		{B5A304F1-D584-4D4B-83AF-789C8E88366E}.Debug|Any CPU.ActiveCfg = Debug|Any CPU
		{B5A304F1-D584-4D4B-83AF-789C8E88366E}.Debug|Any CPU.Build.0 = Debug|Any CPU
		{B5A304F1-D584-4D4B-83AF-789C8E88366E}.Release|Any CPU.ActiveCfg = Release|Any CPU
		{B5A304F1-D584-4D4B-83AF-789C8E88366E}.Release|Any CPU.Build.0 = Release|Any CPU
		{C01D28E9-B989-4106-ABBF-D310999EFD09}.Debug|Any CPU.ActiveCfg = Debug|Any CPU
		{C01D28E9-B989-4106-ABBF-D310999EFD09}.Debug|Any CPU.Build.0 = Debug|Any CPU
		{C01D28E9-B989-4106-ABBF-D310999EFD09}.Release|Any CPU.ActiveCfg = Release|Any CPU
		{C01D28E9-B989-4106-ABBF-D310999EFD09}.Release|Any CPU.Build.0 = Release|Any CPU
		{5654B453-48FB-42B1-917B-29F824BD3190}.Debug|Any CPU.ActiveCfg = Debug|Any CPU
		{5654B453-48FB-42B1-917B-29F824BD3190}.Debug|Any CPU.Build.0 = Debug|Any CPU
		{5654B453-48FB-42B1-917B-29F824BD3190}.Release|Any CPU.ActiveCfg = Release|Any CPU
		{5654B453-48FB-42B1-917B-29F824BD3190}.Release|Any CPU.Build.0 = Release|Any CPU
		{074276E8-F259-424F-97C1-FB13648B84C4}.Debug|Any CPU.ActiveCfg = Debug|Any CPU
		{074276E8-F259-424F-97C1-FB13648B84C4}.Debug|Any CPU.Build.0 = Debug|Any CPU
		{074276E8-F259-424F-97C1-FB13648B84C4}.Release|Any CPU.ActiveCfg = Release|Any CPU
		{074276E8-F259-424F-97C1-FB13648B84C4}.Release|Any CPU.Build.0 = Release|Any CPU
	EndGlobalSection
	GlobalSection(SolutionProperties) = preSolution
		HideSolutionNode = FALSE
	EndGlobalSection
	GlobalSection(ExtensibilityGlobals) = postSolution
		SolutionGuid = {84F0EB79-5E05-4025-AC65-8D01E2631732}
	EndGlobalSection
EndGlobal
